
Microsoft Visual Studio Solution File, Format Version 12.00
# Visual Studio Version 16
VisualStudioVersion = 16.0.31025.218
MinimumVisualStudioVersion = 10.0.40219.1
Project("{9A19103F-16F7-4668-BE54-9A1E7A4F7556}") = "SimpleTextTemplate", "Source\SimpleTextTemplate\SimpleTextTemplate.csproj", "{F88C3AA0-0278-4953-ABD5-E035BF1AC827}"
EndProject
Project("{9A19103F-16F7-4668-BE54-9A1E7A4F7556}") = "SimpleTextTemplate.Generator", "Source\SimpleTextTemplate.Generator\SimpleTextTemplate.Generator.csproj", "{97B94203-F4D9-43A9-8D4D-C952EEFDD1B8}"
EndProject
Project("{2150E333-8FDC-42A3-9474-1A3956D46DE8}") = "Source", "Source", "{3E1B4121-350A-4260-8E09-ED365976A14A}"
EndProject
Project("{2150E333-8FDC-42A3-9474-1A3956D46DE8}") = "Tests", "Tests", "{71CED7DD-B18E-4E31-9AD6-607F6CC9E865}"
EndProject
Project("{9A19103F-16F7-4668-BE54-9A1E7A4F7556}") = "SimpleTextTemplate.Tests", "Tests\SimpleTextTemplate.Tests\SimpleTextTemplate.Tests.csproj", "{0FCA99DF-B71D-4EF6-8D4B-BD9276E2C92C}"
EndProject
Project("{9A19103F-16F7-4668-BE54-9A1E7A4F7556}") = "SimpleTextTemplate.Tests.Generator", "Tests\SimpleTextTemplate.Tests.Generator\SimpleTextTemplate.Tests.Generator.csproj", "{68CA0F4D-043C-4B72-8C42-FEC933DF6CF8}"
EndProject
Project("{FAE04EC0-301F-11D3-BF4B-00C04F79EFBC}") = "SimpleTextTemplate.Sample", "Source\SimpleTextTemplate.Sample\SimpleTextTemplate.Sample.csproj", "{4E6D8AB8-093E-4E6F-8E13-E50AED757054}"
EndProject
Global
	GlobalSection(SolutionConfigurationPlatforms) = preSolution
		Debug|Any CPU = Debug|Any CPU
		Release|Any CPU = Release|Any CPU
	EndGlobalSection
	GlobalSection(ProjectConfigurationPlatforms) = postSolution
		{F88C3AA0-0278-4953-ABD5-E035BF1AC827}.Debug|Any CPU.ActiveCfg = Debug|Any CPU
		{F88C3AA0-0278-4953-ABD5-E035BF1AC827}.Debug|Any CPU.Build.0 = Debug|Any CPU
		{F88C3AA0-0278-4953-ABD5-E035BF1AC827}.Release|Any CPU.ActiveCfg = Release|Any CPU
		{F88C3AA0-0278-4953-ABD5-E035BF1AC827}.Release|Any CPU.Build.0 = Release|Any CPU
		{97B94203-F4D9-43A9-8D4D-C952EEFDD1B8}.Debug|Any CPU.ActiveCfg = Debug|Any CPU
		{97B94203-F4D9-43A9-8D4D-C952EEFDD1B8}.Debug|Any CPU.Build.0 = Debug|Any CPU
		{97B94203-F4D9-43A9-8D4D-C952EEFDD1B8}.Release|Any CPU.ActiveCfg = Release|Any CPU
		{97B94203-F4D9-43A9-8D4D-C952EEFDD1B8}.Release|Any CPU.Build.0 = Release|Any CPU
		{0FCA99DF-B71D-4EF6-8D4B-BD9276E2C92C}.Debug|Any CPU.ActiveCfg = Debug|Any CPU
		{0FCA99DF-B71D-4EF6-8D4B-BD9276E2C92C}.Debug|Any CPU.Build.0 = Debug|Any CPU
		{0FCA99DF-B71D-4EF6-8D4B-BD9276E2C92C}.Release|Any CPU.ActiveCfg = Release|Any CPU
		{0FCA99DF-B71D-4EF6-8D4B-BD9276E2C92C}.Release|Any CPU.Build.0 = Release|Any CPU
		{68CA0F4D-043C-4B72-8C42-FEC933DF6CF8}.Debug|Any CPU.ActiveCfg = Debug|Any CPU
		{68CA0F4D-043C-4B72-8C42-FEC933DF6CF8}.Debug|Any CPU.Build.0 = Debug|Any CPU
		{68CA0F4D-043C-4B72-8C42-FEC933DF6CF8}.Release|Any CPU.ActiveCfg = Release|Any CPU
		{68CA0F4D-043C-4B72-8C42-FEC933DF6CF8}.Release|Any CPU.Build.0 = Release|Any CPU
		{4E6D8AB8-093E-4E6F-8E13-E50AED757054}.Debug|Any CPU.ActiveCfg = Debug|Any CPU
		{4E6D8AB8-093E-4E6F-8E13-E50AED757054}.Debug|Any CPU.Build.0 = Debug|Any CPU
		{4E6D8AB8-093E-4E6F-8E13-E50AED757054}.Release|Any CPU.ActiveCfg = Release|Any CPU
		{4E6D8AB8-093E-4E6F-8E13-E50AED757054}.Release|Any CPU.Build.0 = Release|Any CPU
	EndGlobalSection
	GlobalSection(SolutionProperties) = preSolution
		HideSolutionNode = FALSE
	EndGlobalSection
	GlobalSection(NestedProjects) = preSolution
		{F88C3AA0-0278-4953-ABD5-E035BF1AC827} = {3E1B4121-350A-4260-8E09-ED365976A14A}
		{97B94203-F4D9-43A9-8D4D-C952EEFDD1B8} = {3E1B4121-350A-4260-8E09-ED365976A14A}
		{0FCA99DF-B71D-4EF6-8D4B-BD9276E2C92C} = {71CED7DD-B18E-4E31-9AD6-607F6CC9E865}
		{68CA0F4D-043C-4B72-8C42-FEC933DF6CF8} = {71CED7DD-B18E-4E31-9AD6-607F6CC9E865}
		{4E6D8AB8-093E-4E6F-8E13-E50AED757054} = {3E1B4121-350A-4260-8E09-ED365976A14A}
	EndGlobalSection
	GlobalSection(ExtensibilityGlobals) = postSolution
		SolutionGuid = {BD53C51B-9295-49DC-B1DA-DB57D6BDF9E0}
	EndGlobalSection
EndGlobal
