
Microsoft Visual Studio Solution File, Format Version 12.00
# Visual Studio Version 17
VisualStudioVersion = 17.1.31911.260
MinimumVisualStudioVersion = 10.0.40219.1
Project("{9A19103F-16F7-4668-BE54-9A1E7A4F7556}") = "SimpleTextTemplate", "Source\SimpleTextTemplate\SimpleTextTemplate.csproj", "{F88C3AA0-0278-4953-ABD5-E035BF1AC827}"
EndProject
Project("{9A19103F-16F7-4668-BE54-9A1E7A4F7556}") = "SimpleTextTemplate.Generator", "Source\SimpleTextTemplate.Generator\SimpleTextTemplate.Generator.csproj", "{97B94203-F4D9-43A9-8D4D-C952EEFDD1B8}"
	ProjectSection(ProjectDependencies) = postProject
		{1EEE00CE-5860-4C86-96BB-3FD775C71487} = {1EEE00CE-5860-4C86-96BB-3FD775C71487}
	EndProjectSection
EndProject
Project("{2150E333-8FDC-42A3-9474-1A3956D46DE8}") = "Source", "Source", "{3E1B4121-350A-4260-8E09-ED365976A14A}"
EndProject
Project("{2150E333-8FDC-42A3-9474-1A3956D46DE8}") = "Tests", "Tests", "{71CED7DD-B18E-4E31-9AD6-607F6CC9E865}"
EndProject
Project("{9A19103F-16F7-4668-BE54-9A1E7A4F7556}") = "SimpleTextTemplate.Generator.Tests", "Tests\SimpleTextTemplate.Generator.Tests\SimpleTextTemplate.Generator.Tests.csproj", "{68CA0F4D-043C-4B72-8C42-FEC933DF6CF8}"
EndProject
Project("{9A19103F-16F7-4668-BE54-9A1E7A4F7556}") = "SimpleTextTemplate.Tests", "Tests\SimpleTextTemplate.Tests\SimpleTextTemplate.Tests.csproj", "{0FCA99DF-B71D-4EF6-8D4B-BD9276E2C92C}"
EndProject
Project("{9A19103F-16F7-4668-BE54-9A1E7A4F7556}") = "SimpleTextTemplate.Sample", "Source\SimpleTextTemplate.Sample\SimpleTextTemplate.Sample.csproj", "{4E6D8AB8-093E-4E6F-8E13-E50AED757054}"
EndProject
Project("{9A19103F-16F7-4668-BE54-9A1E7A4F7556}") = "SimpleTextTemplate.Abstractions", "Source\SimpleTextTemplate.Abstractions\SimpleTextTemplate.Abstractions.csproj", "{D57A4335-5FE5-42D0-A2DE-7A60B267B976}"
EndProject
Project("{9A19103F-16F7-4668-BE54-9A1E7A4F7556}") = "SimpleTextTemplate.Contexts", "Source\SimpleTextTemplate.Contexts\SimpleTextTemplate.Contexts.csproj", "{0AF7630B-CC1B-493D-856F-9A7C2467867B}"
EndProject
Project("{9A19103F-16F7-4668-BE54-9A1E7A4F7556}") = "SimpleTextTemplate.Benchmarks", "Source\SimpleTextTemplate.Benchmarks\SimpleTextTemplate.Benchmarks.csproj", "{B9849B8A-E1BB-47D2-A197-BAB839F75447}"
EndProject
Project("{9A19103F-16F7-4668-BE54-9A1E7A4F7556}") = "SimpleTextTemplate.Generator.Internal", "Source\SimpleTextTemplate.Generator.Internal\SimpleTextTemplate.Generator.Internal.csproj", "{1EEE00CE-5860-4C86-96BB-3FD775C71487}"
EndProject
Project("{9A19103F-16F7-4668-BE54-9A1E7A4F7556}") = "SimpleTextTemplate.Renderer", "Source\SimpleTextTemplate.Renderer\SimpleTextTemplate.Renderer.csproj", "{8D0C31F8-46C1-43CB-AB2E-1BB5A142F9F6}"
EndProject
Project("{9A19103F-16F7-4668-BE54-9A1E7A4F7556}") = "SimpleTextTemplate.Renderer.Tests", "Tests\SimpleTextTemplate.Renderer.Tests\SimpleTextTemplate.Renderer.Tests.csproj", "{6EC731BB-EC46-4499-909C-803CE67BC4DB}"
EndProject
Project("{FAE04EC0-301F-11D3-BF4B-00C04F79EFBC}") = "SimpleTextTemplate.Renderer.Core", "Source\SimpleTextTemplate.Renderer.Core\SimpleTextTemplate.Renderer.Core.csproj", "{C72ED5DB-2988-40DA-AF2E-CDA75B731B22}"
EndProject
Global
	GlobalSection(SolutionConfigurationPlatforms) = preSolution
		Debug|Any CPU = Debug|Any CPU
		Release|Any CPU = Release|Any CPU
	EndGlobalSection
	GlobalSection(ProjectConfigurationPlatforms) = postSolution
		{F88C3AA0-0278-4953-ABD5-E035BF1AC827}.Debug|Any CPU.ActiveCfg = Debug|Any CPU
		{F88C3AA0-0278-4953-ABD5-E035BF1AC827}.Debug|Any CPU.Build.0 = Debug|Any CPU
		{F88C3AA0-0278-4953-ABD5-E035BF1AC827}.Release|Any CPU.ActiveCfg = Release|Any CPU
		{F88C3AA0-0278-4953-ABD5-E035BF1AC827}.Release|Any CPU.Build.0 = Release|Any CPU
		{97B94203-F4D9-43A9-8D4D-C952EEFDD1B8}.Debug|Any CPU.ActiveCfg = Debug|Any CPU
		{97B94203-F4D9-43A9-8D4D-C952EEFDD1B8}.Debug|Any CPU.Build.0 = Debug|Any CPU
		{97B94203-F4D9-43A9-8D4D-C952EEFDD1B8}.Release|Any CPU.ActiveCfg = Release|Any CPU
		{97B94203-F4D9-43A9-8D4D-C952EEFDD1B8}.Release|Any CPU.Build.0 = Release|Any CPU
		{68CA0F4D-043C-4B72-8C42-FEC933DF6CF8}.Debug|Any CPU.ActiveCfg = Debug|Any CPU
		{68CA0F4D-043C-4B72-8C42-FEC933DF6CF8}.Debug|Any CPU.Build.0 = Debug|Any CPU
		{68CA0F4D-043C-4B72-8C42-FEC933DF6CF8}.Release|Any CPU.ActiveCfg = Release|Any CPU
		{68CA0F4D-043C-4B72-8C42-FEC933DF6CF8}.Release|Any CPU.Build.0 = Release|Any CPU
		{0FCA99DF-B71D-4EF6-8D4B-BD9276E2C92C}.Debug|Any CPU.ActiveCfg = Debug|Any CPU
		{0FCA99DF-B71D-4EF6-8D4B-BD9276E2C92C}.Debug|Any CPU.Build.0 = Debug|Any CPU
		{0FCA99DF-B71D-4EF6-8D4B-BD9276E2C92C}.Release|Any CPU.ActiveCfg = Release|Any CPU
		{0FCA99DF-B71D-4EF6-8D4B-BD9276E2C92C}.Release|Any CPU.Build.0 = Release|Any CPU
		{4E6D8AB8-093E-4E6F-8E13-E50AED757054}.Debug|Any CPU.ActiveCfg = Debug|Any CPU
		{4E6D8AB8-093E-4E6F-8E13-E50AED757054}.Debug|Any CPU.Build.0 = Debug|Any CPU
		{4E6D8AB8-093E-4E6F-8E13-E50AED757054}.Release|Any CPU.ActiveCfg = Release|Any CPU
		{4E6D8AB8-093E-4E6F-8E13-E50AED757054}.Release|Any CPU.Build.0 = Release|Any CPU
		{D57A4335-5FE5-42D0-A2DE-7A60B267B976}.Debug|Any CPU.ActiveCfg = Debug|Any CPU
		{D57A4335-5FE5-42D0-A2DE-7A60B267B976}.Debug|Any CPU.Build.0 = Debug|Any CPU
		{D57A4335-5FE5-42D0-A2DE-7A60B267B976}.Release|Any CPU.ActiveCfg = Release|Any CPU
		{D57A4335-5FE5-42D0-A2DE-7A60B267B976}.Release|Any CPU.Build.0 = Release|Any CPU
		{0AF7630B-CC1B-493D-856F-9A7C2467867B}.Debug|Any CPU.ActiveCfg = Debug|Any CPU
		{0AF7630B-CC1B-493D-856F-9A7C2467867B}.Debug|Any CPU.Build.0 = Debug|Any CPU
		{0AF7630B-CC1B-493D-856F-9A7C2467867B}.Release|Any CPU.ActiveCfg = Release|Any CPU
		{0AF7630B-CC1B-493D-856F-9A7C2467867B}.Release|Any CPU.Build.0 = Release|Any CPU
		{B9849B8A-E1BB-47D2-A197-BAB839F75447}.Debug|Any CPU.ActiveCfg = Debug|Any CPU
		{B9849B8A-E1BB-47D2-A197-BAB839F75447}.Debug|Any CPU.Build.0 = Debug|Any CPU
		{B9849B8A-E1BB-47D2-A197-BAB839F75447}.Release|Any CPU.ActiveCfg = Release|Any CPU
		{B9849B8A-E1BB-47D2-A197-BAB839F75447}.Release|Any CPU.Build.0 = Release|Any CPU
		{1EEE00CE-5860-4C86-96BB-3FD775C71487}.Debug|Any CPU.ActiveCfg = Debug|Any CPU
		{1EEE00CE-5860-4C86-96BB-3FD775C71487}.Debug|Any CPU.Build.0 = Debug|Any CPU
		{1EEE00CE-5860-4C86-96BB-3FD775C71487}.Release|Any CPU.ActiveCfg = Release|Any CPU
		{1EEE00CE-5860-4C86-96BB-3FD775C71487}.Release|Any CPU.Build.0 = Release|Any CPU
		{8D0C31F8-46C1-43CB-AB2E-1BB5A142F9F6}.Debug|Any CPU.ActiveCfg = Debug|Any CPU
		{8D0C31F8-46C1-43CB-AB2E-1BB5A142F9F6}.Debug|Any CPU.Build.0 = Debug|Any CPU
		{8D0C31F8-46C1-43CB-AB2E-1BB5A142F9F6}.Release|Any CPU.ActiveCfg = Release|Any CPU
		{8D0C31F8-46C1-43CB-AB2E-1BB5A142F9F6}.Release|Any CPU.Build.0 = Release|Any CPU
		{6EC731BB-EC46-4499-909C-803CE67BC4DB}.Debug|Any CPU.ActiveCfg = Debug|Any CPU
		{6EC731BB-EC46-4499-909C-803CE67BC4DB}.Debug|Any CPU.Build.0 = Debug|Any CPU
		{6EC731BB-EC46-4499-909C-803CE67BC4DB}.Release|Any CPU.ActiveCfg = Release|Any CPU
		{6EC731BB-EC46-4499-909C-803CE67BC4DB}.Release|Any CPU.Build.0 = Release|Any CPU
		{C72ED5DB-2988-40DA-AF2E-CDA75B731B22}.Debug|Any CPU.ActiveCfg = Debug|Any CPU
		{C72ED5DB-2988-40DA-AF2E-CDA75B731B22}.Debug|Any CPU.Build.0 = Debug|Any CPU
		{C72ED5DB-2988-40DA-AF2E-CDA75B731B22}.Release|Any CPU.ActiveCfg = Release|Any CPU
		{C72ED5DB-2988-40DA-AF2E-CDA75B731B22}.Release|Any CPU.Build.0 = Release|Any CPU
	EndGlobalSection
	GlobalSection(SolutionProperties) = preSolution
		HideSolutionNode = FALSE
	EndGlobalSection
	GlobalSection(NestedProjects) = preSolution
		{F88C3AA0-0278-4953-ABD5-E035BF1AC827} = {3E1B4121-350A-4260-8E09-ED365976A14A}
		{97B94203-F4D9-43A9-8D4D-C952EEFDD1B8} = {3E1B4121-350A-4260-8E09-ED365976A14A}
		{68CA0F4D-043C-4B72-8C42-FEC933DF6CF8} = {71CED7DD-B18E-4E31-9AD6-607F6CC9E865}
		{0FCA99DF-B71D-4EF6-8D4B-BD9276E2C92C} = {71CED7DD-B18E-4E31-9AD6-607F6CC9E865}
		{4E6D8AB8-093E-4E6F-8E13-E50AED757054} = {3E1B4121-350A-4260-8E09-ED365976A14A}
		{D57A4335-5FE5-42D0-A2DE-7A60B267B976} = {3E1B4121-350A-4260-8E09-ED365976A14A}
		{0AF7630B-CC1B-493D-856F-9A7C2467867B} = {3E1B4121-350A-4260-8E09-ED365976A14A}
		{B9849B8A-E1BB-47D2-A197-BAB839F75447} = {3E1B4121-350A-4260-8E09-ED365976A14A}
		{1EEE00CE-5860-4C86-96BB-3FD775C71487} = {3E1B4121-350A-4260-8E09-ED365976A14A}
		{8D0C31F8-46C1-43CB-AB2E-1BB5A142F9F6} = {3E1B4121-350A-4260-8E09-ED365976A14A}
		{6EC731BB-EC46-4499-909C-803CE67BC4DB} = {71CED7DD-B18E-4E31-9AD6-607F6CC9E865}
		{C72ED5DB-2988-40DA-AF2E-CDA75B731B22} = {3E1B4121-350A-4260-8E09-ED365976A14A}
	EndGlobalSection
	GlobalSection(ExtensibilityGlobals) = postSolution
		SolutionGuid = {BD53C51B-9295-49DC-B1DA-DB57D6BDF9E0}
	EndGlobalSection
EndGlobal
